github.com/go-sql-driver/mysql v1.7.1 h1:lUIinVbN1DY0xBg0eMOzmmtGoHwWBbvnWubQUrtU8EI=
github.com/go-sql-driver/mysql v1.7.1/go.mod h1:OXbVy3sEdcQ2Doequ6Z5BW6fXNQTmx+9S1MCJN5yJMI=
github.com/sijms/go-ora v1.3.2 h1:v9Ca63acRbrE5vYlHpABzlOvt8bI1Sj5PCVDwaAJjp8=
github.com/sijms/go-ora v1.3.2/go.mod h1:ZGVmJgxUfyGIVmYgA7MVGEq6BX5aoFECRMtHW5DEcs4=
